
Microsoft Visual Studio Solution File, Format Version 12.00
# Visual Studio Version 17
VisualStudioVersion = 17.0.32112.339
MinimumVisualStudioVersion = 10.0.40219.1
Project("{FAE04EC0-301F-11D3-BF4B-00C04F79EFBC}") = "DocSignGUI", "DocSignGUI\DocSignGUI.csproj", "{F5E59929-AE4E-4245-A7BB-B8A96918E052}"
EndProject
Global
	GlobalSection(SolutionConfigurationPlatforms) = preSolution
		Debug|Any CPU = Debug|Any CPU
		Release|Any CPU = Release|Any CPU
	EndGlobalSection
	GlobalSection(ProjectConfigurationPlatforms) = postSolution
		{F5E59929-AE4E-4245-A7BB-B8A96918E052}.Debug|Any CPU.ActiveCfg = Debug|Any CPU
		{F5E59929-AE4E-4245-A7BB-B8A96918E052}.Debug|Any CPU.Build.0 = Debug|Any CPU
		{F5E59929-AE4E-4245-A7BB-B8A96918E052}.Release|Any CPU.ActiveCfg = Release|Any CPU
		{F5E59929-AE4E-4245-A7BB-B8A96918E052}.Release|Any CPU.Build.0 = Release|Any CPU
	EndGlobalSection
	GlobalSection(SolutionProperties) = preSolution
		HideSolutionNode = FALSE
	EndGlobalSection
	GlobalSection(ExtensibilityGlobals) = postSolution
		SolutionGuid = {25AD4178-CFE4-40DE-A9C8-23BF6AB88080}
	EndGlobalSection
EndGlobal
